github.com/aws/aws-sdk-go-v2 v1.41.1 h1:ABlyEARCDLN034NhxlRUSZr4l71mh+T5KAeGh6cerhU=
github.com/aws/aws-sdk-go-v2 v1.41.1/go.mod h1:MayyLB8y+buD9hZqkCW3kX1AKq07Y5pXxtgB+rRFhz0=
github.com/aws/aws-sdk-go-v2/aws/protocol/eventstream v1.7.4 h1:489krEF9xIGkOaaX3CE/Be2uWjiXrkCH6gUX+bZA/BU=
github.com/aws/aws-sdk-go-v2/aws/protocol/eventstream v1.7.4/go.mod h1:IOAPF6oT9KCsceNTvvYMNHy0+kMF8akOjeDvPENWxp4=
github.com/aws/aws-sdk-go-v2/config v1.32.3 h1:cpz7H2uMNTDa0h/5CYL5dLUEzPSLo2g0NkbxTRJtSSU=
github.com/aws/aws-sdk-go-v2/config v1.32.3/go.mod h1:srtPKaJJe3McW6T/+GMBZyIPc+SeqJsNPJsd4mOYZ6s=
github.com/aws/aws-sdk-go-v2/credentials v1.19.3 h1:01Ym72hK43hjwDeJUfi1l2oYLXBAOR8gNSZNmXmvuas=
github.com/aws/aws-sdk-go-v2/credentials v1.19.3/go.mod h1:55nWF/Sr9Zvls0bGnWkRxUdhzKqj9uRNlPvgV1vgxKc=
github.com/aws/aws-sdk-go-v2/feature/ec2/imds v1.18.15 h1:utxLraaifrSBkeyII9mIbVwXXWrZdlPO7FIKmyLCEcY=
github.com/aws/aws-sdk-go-v2/feature/ec2/imds v1.18.15/go.mod h1:hW6zjYUDQwfz3icf4g2O41PHi77u10oAzJ84iSzR/lo=
github.com/aws/aws-sdk-go-v2/internal/configsources v1.4.17 h1:xOLELNKGp2vsiteLsvLPwxC+mYmO6OZ8PYgiuPJzF8U=
github.com/aws/aws-sdk-go-v2/internal/configsources v1.4.17/go.mod h1:5M5CI3D12dNOtH3/mk6minaRwI2/37ifCURZISxA/IQ=
github.com/aws/aws-sdk-go-v2/internal/endpoints/v2 v2.7.17 h1:WWLqlh79iO48yLkj1v3ISRNiv+3KdQoZ6JWyfcsyQik=
github.com/aws/aws-sdk-go-v2/internal/endpoints/v2 v2.7.17/go.mod h1:EhG22vHRrvF8oXSTYStZhJc1aUgKtnJe+aOiFEV90cM=
github.com/aws/aws-sdk-go-v2/internal/ini v1.8.4 h1:WKuaxf++XKWlHWu9ECbMlha8WOEGm0OUEZqm4K/Gcfk=
github.com/aws/aws-sdk-go-v2/internal/ini v1.8.4/go.mod h1:ZWy7j6v1vWGmPReu0iSGvRiise4YI5SkR3OHKTZ6Wuc=
github.com/aws/aws-sdk-go-v2/internal/v4a v1.4.15 h1:NLYTEyZmVZo0Qh183sC8nC+ydJXOOeIL/qI/sS3PdLY=
github.com/aws/aws-sdk-go-v2/internal/v4a v1.4.15/go.mod h1:Z803iB3B0bc8oJV8zH2PERLRfQUJ2n2BXISpsA4+O1M=
github.com/aws/aws-sdk-go-v2/service/cloudfront v1.58.2 h1:Sm/sQAe/54oCaXj5/xOtMkMvpDafNZhQ38DsyarIBR0=
github.com/aws/aws-sdk-go-v2/service/cloudfront v1.58.2/go.mod h1:SxEwhpfvzjK0vR8LfHeOkHeIcpaFU5ZgVbuBo3J4w2A=
github.com/aws/aws-sdk-go-v2/service/ecr v1.55.0 h1:Mz6rvVhqmqGPzZNDLolW9IwPzhL/V+QS+dvX+vm/zh8=
github.com/aws/aws-sdk-go-v2/service/ecr v1.55.0/go.mod h1:8n8vVvu7LzveA0or4iWQwNndJStpKOX4HiVHM5jax2U=
github.com/aws/aws-sdk-go-v2/service/internal/accept-encoding v1.13.4 h1:0ryTNEdJbzUCEWkVXEXoqlXV72J5keC1GvILMOuD00E=
github.com/aws/aws-sdk-go-v2/service/internal/accept-encoding v1.13.4/go.mod h1:HQ4qwNZh32C3CBeO6iJLQlgtMzqeG17ziAA/3KDJFow=
github.com/aws/aws-sdk-go-v2/service/internal/checksum v1.9.6 h1:P1MU/SuhadGvg2jtviDXPEejU3jBNhoeeAlRadHzvHI=
github.com/aws/aws-sdk-go-v2/service/internal/checksum v1.9.6/go.mod h1:5KYaMG6wmVKMFBSfWoyG/zH8pWwzQFnKgpoSRlXHKdQ=
github.com/aws/aws-sdk-go-v2/service/internal/presigned-url v1.13.15 h1:3/u/4yZOffg5jdNk1sDpOQ4Y+R6Xbh+GzpDrSZjuy3U=
github.com/aws/aws-sdk-go-v2/service/internal/presigned-url v1.13.15/go.mod h1:4Zkjq0FKjE78NKjabuM4tRXKFzUJWXgP0ItEZK8l7JU=
github.com/aws/aws-sdk-go-v2/service/internal/s3shared v1.19.15 h1:wsSQ4SVz5YE1crz0Ap7VBZrV4nNqZt4CIBBT8mnwoNc=
github.com/aws/aws-sdk-go-v2/service/internal/s3shared v1.19.15/go.mod h1:I7sditnFGtYMIqPRU1QoHZAUrXkGp4SczmlLwrNPlD0=
github.com/aws/aws-sdk-go-v2/service/s3 v1.93.0 h1:IrbE3B8O9pm3lsg96AXIN5MXX4pECEuExh/A0Du3AuI=
github.com/aws/aws-sdk-go-v2/service/s3 v1.93.0/go.mod h1:/sJLzHtiiZvs6C1RbxS/anSAFwZD6oC6M/kotQzOiLw=
github.com/aws/aws-sdk-go-v2/service/secretsmanager v1.41.1 h1:72DBkm/CCuWx2LMHAXvLDkZfzopT3psfAeyZDIt1/yE=
github.com/aws/aws-sdk-go-v2/service/secretsmanager v1.41.1/go.mod h1:A+oSJxFvzgjZWkpM0mXs3RxB5O1SD6473w3qafOC9eU=
github.com/aws/aws-sdk-go-v2/service/signin v1.0.3 h1:d/6xOGIllc/XW1lzG9a4AUBMmpLA9PXcQnVPTuHHcik=
github.com/aws/aws-sdk-go-v2/service/signin v1.0.3/go.mod h1:fQ7E7Qj9GiW8y0ClD7cUJk3Bz5Iw8wZkWDHsTe8vDKs=
github.com/aws/aws-sdk-go-v2/service/ssm v1.67.7 h1:0q42w8/mywPCzQD1IoWIBUCYfBJc5+fLwtZNpHffBSM=
github.com/aws/aws-sdk-go-v2/service/ssm v1.67.7/go.mod h1:urlU9nfKJEfi0+8T9luB3f3Y0UnomH/yxI7tTrfH9es=
github.com/aws/aws-sdk-go-v2/service/sso v1.30.6 h1:8sTTiw+9yuNXcfWeqKF2x01GqCF49CpP4Z9nKrrk/ts=
github.com/aws/aws-sdk-go-v2/service/sso v1.30.6/go.mod h1:8WYg+Y40Sn3X2hioaaWAAIngndR8n1XFdRPPX+7QBaM=
github.com/aws/aws-sdk-go-v2/service/ssooidc v1.35.11 h1:E+KqWoVsSrj1tJ6I/fjDIu5xoS2Zacuu1zT+H7KtiIk=
github.com/aws/aws-sdk-go-v2/service/ssooidc v1.35.11/go.mod h1:qyWHz+4lvkXcr3+PoGlGHEI+3DLLiU6/GdrFfMaAhB0=
github.com/aws/aws-sdk-go-v2/service/sts v1.41.3 h1:tzMkjh0yTChUqJDgGkcDdxvZDSrJ/WB6R6ymI5ehqJI=
github.com/aws/aws-sdk-go-v2/service/sts v1.41.3/go.mod h1:T270C0R5sZNLbWUe8ueiAF42XSZxxPocTaGSgs5c/60=
github.com/aws/smithy-go v1.24.0 h1:LpilSUItNPFr1eY85RYgTIg5eIEPtvFbskaFcmmIUnk=
github.com/aws/smithy-go v1.24.0/go.mod h1:LEj2LM3rBRQJxPZTB4KuzZkaZYnZPnvgIhb4pu07mx0=
github.com/fatih/color v1.18.0 h1:S8gINlzdQ840/4pfAwic/ZE0djQEH3wM94VfqLTZcOM=
github.com/fatih/color v1.18.0/go.mod h1:4FelSpRwEGDpQ12mAdzqdOukCy4u8WUtOY6lkT/6HfU=
github.com/fsnotify/fsnotify v1.9.0 h1:2Ml+OJNzbYCTzsxtv8vKSFD9PbJjmhYF14k/jKC7S9k=
github.com/fsnotify/fsnotify v1.9.0/go.mod h1:8jBTzvmWwFyi3Pb8djgCCO5IBqzKJ/Jwo8TRcHyHii0=
github.com/golang-jwt/jwt/v5 v5.3.0 h1:pv4AsKCKKZuqlgs5sUmn4x8UlGa0kEVt/puTpKx9vvo=
github.com/golang-jwt/jwt/v5 v5.3.0/go.mod h1:fxCRLWMO43lRc8nhHWY6LGqRcf+1gQWArsqaEUEa5bE=
github.com/joho/godotenv v1.5.1 h1:7eLL/+HRGLY0ldzfGMeQkb7vMd0as4CfYvUVzLqw0N0=
github.com/joho/godotenv v1.5.1/go.mod h1:f4LDr5Voq0i2e/R5DDNOoa2zzDfwtkZa6DnEwAbqwq4=
github.com/jordan-wright/email v4.0.1-0.20210109023952-943e75fe5223+incompatible h1:jdpOPRN1zP63Td1hDQbZW73xKmzDvZHzVdNYxhnTMDA=
github.com/jordan-wright/email v4.0.1-0.20210109023952-943e75fe5223+incompatible/go.mod h1:1c7szIrayyPPB/987hsnvNzLushdWf4o/79s3P08L8A=
github.com/mattn/go-colorable v0.1.13 h1:fFA4WZxdEF4tXPZVKMLwD8oUnCTTo08duU7wxecdEvA=
github.com/mattn/go-colorable v0.1.13/go.mod h1:7S9/ev0klgBDR4GtXTXX8a3vIGJpMovkB8vQcUbaXHg=
github.com/mattn/go-isatty v0.0.16/go.mod h1:kYGgaQfpe5nmfYZH+SKPsOc2e4SrIfOl2e/yFXSvRLM=
github.com/mattn/go-isatty v0.0.20 h1:xfD0iDuEKnDkl03q4limB+vH+GxLEtL/jb4xVJSWWEY=
github.com/mattn/go-isatty v0.0.20/go.mod h1:W+V8PltTTMOvKvAeJH7IuucS94S2C6jfK/D7dTCTo3Y=
github.com/robfig/cron/v3 v3.0.0 h1:kQ6Cb7aHOHTSzNVNEhmp8EcWKLb4CbiMW9h9VyIhO4E=
github.com/robfig/cron/v3 v3.0.0/go.mod h1:eQICP3HwyT7UooqI/z+Ov+PtYAWygg1TEWWzGIFLtro=
golang.org/x/sys v0.0.0-20220811171246-fbc7d0a398ab/go.mod h1:oPkhp1MJrh7nUepCBck5+mAzfO9JrbApNNgaTdGDITg=
golang.org/x/sys v0.6.0/go.mod h1:oPkhp1MJrh7nUepCBck5+mAzfO9JrbApNNgaTdGDITg=
golang.org/x/sys v0.25.0 h1:r+8e+loiHxRqhXVl6ML1nO3l1+oFoWbnlu2Ehimmi34=
golang.org/x/sys v0.25.0/go.mod h1:/VUhepiaJMQUp4+oa/7Zr1D23ma6VTLIYjOOTFZPUcA=
gopkg.in/check.v1 v0.0.0-20161208181325-20d25e280405 h1:yhCVgyC4o1eVCa2tZl7eS0r+SDo693bJlVdllGtEeKM=
gopkg.in/check.v1 v0.0.0-20161208181325-20d25e280405/go.mod h1:Co6ibVJAznAaIkqp8huTwlJQCZ016jof/cbN4VW5Yz0=
gopkg.in/yaml.v3 v3.0.1 h1:fxVm/GzAzEWqLHuvctI91KS9hhNmmWOoWu0XTYJS7CA=
gopkg.in/yaml.v3 v3.0.1/go.mod h1:K4uyk7z7BCEPqu6E+C64Yfv1cQ7kz7rIZviUmN+EgEM=
